
Microsoft Visual Studio Solution File, Format Version 12.00
# Visual Studio Version 17
VisualStudioVersion = 17.7.34009.444
MinimumVisualStudioVersion = 10.0.40219.1
Project("{FAE04EC0-301F-11D3-BF4B-00C04F79EFBC}") = "Topshelfsample", "Topshelfsample\Topshelfsample.csproj", "{F483DAD6-A8D8-4021-9E20-056DDA989446}"
EndProject
Global
	GlobalSection(SolutionConfigurationPlatforms) = preSolution
		Debug|Any CPU = Debug|Any CPU
		Release|Any CPU = Release|Any CPU
	EndGlobalSection
	GlobalSection(ProjectConfigurationPlatforms) = postSolution
		{F483DAD6-A8D8-4021-9E20-056DDA989446}.Debug|Any CPU.ActiveCfg = Debug|Any CPU
		{F483DAD6-A8D8-4021-9E20-056DDA989446}.Debug|Any CPU.Build.0 = Debug|Any CPU
		{F483DAD6-A8D8-4021-9E20-056DDA989446}.Release|Any CPU.ActiveCfg = Release|Any CPU
		{F483DAD6-A8D8-4021-9E20-056DDA989446}.Release|Any CPU.Build.0 = Release|Any CPU
	EndGlobalSection
	GlobalSection(SolutionProperties) = preSolution
		HideSolutionNode = FALSE
	EndGlobalSection
	GlobalSection(ExtensibilityGlobals) = postSolution
		SolutionGuid = {94155AD6-C108-47CC-8DD2-85476699062B}
	EndGlobalSection
EndGlobal
